<?xml version="1.0" encoding="utf-8"?>
<Project ToolsVersion="4.0" xmlns="http://schemas.microsoft.com/developer/msbuild/2003">
  <ItemGroup>
    <Filter Include="Vulkan">
      <UniqueIdentifier>{D6EAFCD8-C28C-27AF-AB47-3B039788AEFF}</UniqueIdentifier>
    </Filter>
  </ItemGroup>
  <ItemGroup>
    <ClInclude Include="src\Application.h" />
    <ClInclude Include="src\Core.h" />
    <ClInclude Include="src\Vulkan\VulkanCommandBuffer.h">
      <Filter>Vulkan</Filter>
    </ClInclude>
    <ClInclude Include="src\Vulkan\VulkanContext.h">
      <Filter>Vulkan</Filter>
    </ClInclude>
    <ClInclude Include="src\Vulkan\VulkanFramebuffer.h">
      <Filter>Vulkan</Filter>
    </ClInclude>
    <ClInclude Include="src\Vulkan\VulkanPipelineState.h">
      <Filter>Vulkan</Filter>
    </ClInclude>
    <ClInclude Include="src\Vulkan\VulkanRenderPass.h">
      <Filter>Vulkan</Filter>
    </ClInclude>
    <ClInclude Include="src\Vulkan\VulkanShaderModule.h">
      <Filter>Vulkan</Filter>
    </ClInclude>
    <ClInclude Include="src\Vulkan\VulkanBuffer.h" />
    <ClInclude Include="src\Vulkan\VulkanHelper.h" />
    <ClInclude Include="src\Vulkan\VulkanExtensionFuncs.h" />
  </ItemGroup>
  <ItemGroup>
    <ClCompile Include="src\Application.cpp" />
    <ClCompile Include="src\Vulkan\VulkanCommandBuffer.cpp">
      <Filter>Vulkan</Filter>
    </ClCompile>
    <ClCompile Include="src\Vulkan\VulkanContext.cpp">
      <Filter>Vulkan</Filter>
    </ClCompile>
    <ClCompile Include="src\Vulkan\VulkanFramebuffer.cpp">
      <Filter>Vulkan</Filter>
    </ClCompile>
    <ClCompile Include="src\Vulkan\VulkanPipelineState.cpp">
      <Filter>Vulkan</Filter>
    </ClCompile>
    <ClCompile Include="src\Vulkan\VulkanRenderPass.cpp">
      <Filter>Vulkan</Filter>
    </ClCompile>
    <ClCompile Include="src\Vulkan\VulkanShaderModule.cpp">
      <Filter>Vulkan</Filter>
    </ClCompile>
    <ClCompile Include="src\main.cpp" />
    <ClCompile Include="src\Vulkan\VulkanBuffer.cpp" />
    <ClCompile Include="src\Vulkan\VulkanExtensionFuncs.cpp" />
  </ItemGroup>
</Project>